<?xml version="1.0" encoding="utf-8"?>
<Project ToolsVersion="4.0" xmlns="http://schemas.microsoft.com/developer/msbuild/2003">
  <ItemGroup>
    <Filter Include="Исходные файлы">
      <UniqueIdentifier>{4FC737F1-C7A5-4376-A066-2A32D752A2FF}</UniqueIdentifier>
      <Extensions>cpp;c;cc;cxx;c++;cppm;ixx;def;odl;idl;hpj;bat;asm;asmx</Extensions>
    </Filter>
    <Filter Include="Файлы заголовков">
      <UniqueIdentifier>{93995380-89BD-4b04-88EB-625FBE52EBFB}</UniqueIdentifier>
      <Extensions>h;hh;hpp;hxx;h++;hm;inl;inc;ipp;xsd</Extensions>
    </Filter>
    <Filter Include="Файлы ресурсов">
      <UniqueIdentifier>{67DA6AB6-F800-4c08-8B7A-83BB121AAD01}</UniqueIdentifier>
      <Extensions>rc;ico;cur;bmp;dlg;rc2;rct;bin;rgs;gif;jpg;jpeg;jpe;resx;tiff;tif;png;wav;mfcribbon-ms</Extensions>
    </Filter>
    <Filter Include="Terminal">
      <UniqueIdentifier>{016bd7af-b2de-4464-b5f8-6771b65dd290}</UniqueIdentifier>
    </Filter>
    <Filter Include="Terminal\Файлы заголовков">
      <UniqueIdentifier>{42f92e46-cb0e-45f1-b06a-6581ff282e99}</UniqueIdentifier>
    </Filter>
    <Filter Include="Terminal\Исходные файлы">
      <UniqueIdentifier>{c9ffb750-30b1-4389-b9ef-47bf4292bbaa}</UniqueIdentifier>
    </Filter>
    <Filter Include="Example">
      <UniqueIdentifier>{07dbdffc-0bc6-4422-83ab-f7bb1e4c2f72}</UniqueIdentifier>
    </Filter>
    <Filter Include="Example\Исходные файлы">
      <UniqueIdentifier>{c8086d10-73ed-4e43-881d-56ae79a55781}</UniqueIdentifier>
    </Filter>
    <Filter Include="Example\Файлы заголовков">
      <UniqueIdentifier>{ad992144-56f3-4230-bfe0-f69dfbc589af}</UniqueIdentifier>
    </Filter>
    <Filter Include="Trash">
      <UniqueIdentifier>{5223a8ba-7b32-40f3-8dc8-49c760dabcf5}</UniqueIdentifier>
    </Filter>
  </ItemGroup>
  <ItemGroup>
    <ClInclude Include="framework.h">
      <Filter>Файлы заголовков</Filter>
    </ClInclude>
    <ClInclude Include="targetver.h">
      <Filter>Файлы заголовков</Filter>
    </ClInclude>
    <ClInclude Include="resource.h">
      <Filter>Файлы заголовков</Filter>
    </ClInclude>
    <ClInclude Include="main.h">
      <Filter>Файлы заголовков</Filter>
    </ClInclude>
    <ClInclude Include="bvg_terminal.h">
      <Filter>Terminal\Файлы заголовков</Filter>
    </ClInclude>
    <ClInclude Include="bvg_hwdriver.h">
      <Filter>Terminal\Файлы заголовков</Filter>
    </ClInclude>
    <ClInclude Include="bvg_types.h">
      <Filter>Terminal\Файлы заголовков</Filter>
    </ClInclude>
    <ClInclude Include="bvg_rect.h">
      <Filter>Terminal\Файлы заголовков</Filter>
    </ClInclude>
    <ClInclude Include="bvg_point.h">
      <Filter>Terminal\Файлы заголовков</Filter>
    </ClInclude>
    <ClInclude Include="bvg_config.h">
      <Filter>Terminal\Файлы заголовков</Filter>
    </ClInclude>
    <ClInclude Include="page_home.h">
      <Filter>Trash</Filter>
    </ClInclude>
    <ClInclude Include="page_input.h">
      <Filter>Trash</Filter>
    </ClInclude>
    <ClInclude Include="roll_widget.h">
      <Filter>Trash</Filter>
    </ClInclude>
    <ClInclude Include="frame_tab1.h">
      <Filter>Example\Файлы заголовков</Filter>
    </ClInclude>
    <ClInclude Include="frame_tab2.h">
      <Filter>Example\Файлы заголовков</Filter>
    </ClInclude>
  </ItemGroup>
  <ItemGroup>
    <ClCompile Include="main.c">
      <Filter>Исходные файлы</Filter>
    </ClCompile>
    <ClCompile Include="bvg_hwdriver_win32.c">
      <Filter>Terminal\Исходные файлы</Filter>
    </ClCompile>
    <ClCompile Include="bvg_terminal.c">
      <Filter>Terminal\Исходные файлы</Filter>
    </ClCompile>
    <ClCompile Include="bvg_rect.c">
      <Filter>Terminal\Исходные файлы</Filter>
    </ClCompile>
    <ClCompile Include="bvg_point.c">
      <Filter>Terminal\Исходные файлы</Filter>
    </ClCompile>
    <ClCompile Include="bvg_frame.h">
      <Filter>Terminal\Файлы заголовков</Filter>
    </ClCompile>
    <ClCompile Include="bvg_frame.c">
      <Filter>Terminal\Исходные файлы</Filter>
    </ClCompile>
    <ClCompile Include="frame_tab1.c">
      <Filter>Example\Исходные файлы</Filter>
    </ClCompile>
    <ClCompile Include="frame_tab2.c">
      <Filter>Example\Исходные файлы</Filter>
    </ClCompile>
  </ItemGroup>
  <ItemGroup>
    <ResourceCompile Include="Terminal.rc">
      <Filter>Файлы ресурсов</Filter>
    </ResourceCompile>
  </ItemGroup>
  <ItemGroup>
    <Image Include="small.ico">
      <Filter>Файлы ресурсов</Filter>
    </Image>
    <Image Include="Terminal.ico">
      <Filter>Файлы ресурсов</Filter>
    </Image>
  </ItemGroup>
  <ItemGroup>
    <Natvis Include="visualizers.natvis" />
  </ItemGroup>
</Project>